{
  "version": 4,
  "terraform_version": "1.12.2",
  "serial": 85,
  "lineage": "51d966da-e65e-c35d-1ff1-c1888502297b",
  "outputs": {},
  "resources": [
    {
      "mode": "managed",
      "type": "aws_vpc",
      "name": "main",
      "provider": "provider[\"registry.terraform.io/hashicorp/aws\"]",
      "instances": [
        {
          "schema_version": 1,
          "attributes": {
            "arn": "arn:aws:ec2:ap-south-1:178502900821:vpc/vpc-0e7eb54b05aee72e3",
            "assign_generated_ipv6_cidr_block": false,
            "cidr_block": "10.0.0.0/16",
            "default_network_acl_id": "acl-03f95f46d26c32661",
            "default_route_table_id": "rtb-04e059ab256cc4bc7",
            "default_security_group_id": "sg-0e636e6b6dee29ce4",
            "dhcp_options_id": "dopt-077d02eb17829dc6e",
            "enable_dns_hostnames": false,
            "enable_dns_support": true,
            "enable_network_address_usage_metrics": false,
            "id": "vpc-0e7eb54b05aee72e3",
            "instance_tenancy": "default",
            "ipv4_ipam_pool_id": null,
            "ipv4_netmask_length": null,
            "ipv6_association_id": "",
            "ipv6_cidr_block": "",
            "ipv6_cidr_block_network_border_group": "",
            "ipv6_ipam_pool_id": "",
            "ipv6_netmask_length": 0,
            "main_route_table_id": "rtb-04e059ab256cc4bc7",
            "owner_id": "178502900821",
            "region": "ap-south-1",
            "tags": {
              "Name": "EKS_cluster_vpc"
            },
            "tags_all": {
              "Name": "EKS_cluster_vpc"
            }
          },
          "sensitive_attributes": [],
          "identity_schema_version": 0,
          "identity": {
            "account_id": "178502900821",
            "id": "vpc-0e7eb54b05aee72e3",
            "region": "ap-south-1"
          },
          "private": "eyJzY2hlbWFfdmVyc2lvbiI6IjEifQ=="
        }
      ]
    }
  ],
  "check_results": null
}
